
Microsoft Visual Studio Solution File, Format Version 12.00
# Visual Studio Version 17
VisualStudioVersion = 17.4.33103.184
MinimumVisualStudioVersion = 10.0.40219.1
Project("{FAE04EC0-301F-11D3-BF4B-00C04F79EFBC}") = "HotelBooking.Server", "HotelBooking\Server\HotelBooking.Server.csproj", "{B5916A29-7B53-41FB-A2FC-2F3E71632472}"
EndProject
Project("{FAE04EC0-301F-11D3-BF4B-00C04F79EFBC}") = "HotelBooking.Client", "HotelBooking\Client\HotelBooking.Client.csproj", "{D1946436-99B3-47EE-B6FA-2A42E96366BE}"
EndProject
Project("{FAE04EC0-301F-11D3-BF4B-00C04F79EFBC}") = "HotelBooking.Shared", "HotelBooking\Shared\HotelBooking.Shared.csproj", "{FFDD26A3-1745-4279-A09F-53363431652D}"
EndProject
Global
	GlobalSection(SolutionConfigurationPlatforms) = preSolution
		Debug|Any CPU = Debug|Any CPU
		Release|Any CPU = Release|Any CPU
	EndGlobalSection
	GlobalSection(ProjectConfigurationPlatforms) = postSolution
		{B5916A29-7B53-41FB-A2FC-2F3E71632472}.Debug|Any CPU.ActiveCfg = Debug|Any CPU
		{B5916A29-7B53-41FB-A2FC-2F3E71632472}.Debug|Any CPU.Build.0 = Debug|Any CPU
		{B5916A29-7B53-41FB-A2FC-2F3E71632472}.Release|Any CPU.ActiveCfg = Release|Any CPU
		{B5916A29-7B53-41FB-A2FC-2F3E71632472}.Release|Any CPU.Build.0 = Release|Any CPU
		{D1946436-99B3-47EE-B6FA-2A42E96366BE}.Debug|Any CPU.ActiveCfg = Debug|Any CPU
		{D1946436-99B3-47EE-B6FA-2A42E96366BE}.Debug|Any CPU.Build.0 = Debug|Any CPU
		{D1946436-99B3-47EE-B6FA-2A42E96366BE}.Release|Any CPU.ActiveCfg = Release|Any CPU
		{D1946436-99B3-47EE-B6FA-2A42E96366BE}.Release|Any CPU.Build.0 = Release|Any CPU
		{FFDD26A3-1745-4279-A09F-53363431652D}.Debug|Any CPU.ActiveCfg = Debug|Any CPU
		{FFDD26A3-1745-4279-A09F-53363431652D}.Debug|Any CPU.Build.0 = Debug|Any CPU
		{FFDD26A3-1745-4279-A09F-53363431652D}.Release|Any CPU.ActiveCfg = Release|Any CPU
		{FFDD26A3-1745-4279-A09F-53363431652D}.Release|Any CPU.Build.0 = Release|Any CPU
	EndGlobalSection
	GlobalSection(SolutionProperties) = preSolution
		HideSolutionNode = FALSE
	EndGlobalSection
	GlobalSection(ExtensibilityGlobals) = postSolution
		SolutionGuid = {CB078A03-7858-47C4-8AEA-F00C80D6EA2B}
	EndGlobalSection
EndGlobal
